<?xml version="1.0" encoding="utf-8"?>
<Project ToolsVersion="4.0" xmlns="http://schemas.microsoft.com/developer/msbuild/2003">
  <ItemGroup>
    <Filter Include="Source Files">
      <UniqueIdentifier>{4FC737F1-C7A5-4376-A066-2A32D752A2FF}</UniqueIdentifier>
      <Extensions>cpp;c;cc;cxx;def;odl;idl;hpj;bat;asm;asmx</Extensions>
    </Filter>
    <Filter Include="Header Files">
      <UniqueIdentifier>{93995380-89BD-4b04-88EB-625FBE52EBFB}</UniqueIdentifier>
      <Extensions>h;hh;hpp;hxx;hm;inl;inc;xsd</Extensions>
    </Filter>
    <Filter Include="Resource Files">
      <UniqueIdentifier>{67DA6AB6-F800-4c08-8B7A-83BB121AAD01}</UniqueIdentifier>
      <Extensions>rc;ico;cur;bmp;dlg;rc2;rct;bin;rgs;gif;jpg;jpeg;jpe;resx;tiff;tif;png;wav;mfcribbon-ms</Extensions>
    </Filter>
    <Filter Include="Core">
      <UniqueIdentifier>{8151705c-db3d-4d2a-a1f4-ce8881426542}</UniqueIdentifier>
    </Filter>
    <Filter Include="Core\init">
      <UniqueIdentifier>{3fcbd10f-759e-4987-ada5-fc20610c850d}</UniqueIdentifier>
    </Filter>
    <Filter Include="Managers">
      <UniqueIdentifier>{346f3a37-3710-4360-9d4f-235bac1aff57}</UniqueIdentifier>
    </Filter>
    <Filter Include="Rendering">
      <UniqueIdentifier>{bd191bac-aeac-49e8-85c0-81735eb92016}</UniqueIdentifier>
    </Filter>
    <Filter Include="Rendering\Models">
      <UniqueIdentifier>{71b90c01-e512-47a8-bbd1-d58354bee122}</UniqueIdentifier>
    </Filter>
    <Filter Include="Rendering\Systems">
      <UniqueIdentifier>{0243c536-5079-4552-81b7-8387e469e422}</UniqueIdentifier>
    </Filter>
    <Filter Include="Rendering\Textures">
      <UniqueIdentifier>{41a14f00-336d-4a2e-a491-0c159d8cf105}</UniqueIdentifier>
    </Filter>
  </ItemGroup>
  <ItemGroup>
    <ClCompile Include="Main.cpp">
      <Filter>Source Files</Filter>
    </ClCompile>
    <ClCompile Include="Core\Init\InitGLEW.cpp">
      <Filter>Core\init</Filter>
    </ClCompile>
    <ClCompile Include="Core\Init\InitGLUT.cpp">
      <Filter>Core\init</Filter>
    </ClCompile>
    <ClCompile Include="Managers\ShaderManager.cpp">
      <Filter>Managers</Filter>
    </ClCompile>
    <ClCompile Include="Managers\SceneManager.cpp">
      <Filter>Managers</Filter>
    </ClCompile>
    <ClCompile Include="Managers\ModelsManager.cpp">
      <Filter>Managers</Filter>
    </ClCompile>
    <ClCompile Include="Rendering\Models\Model.cpp">
      <Filter>Rendering\Models</Filter>
    </ClCompile>
    <ClCompile Include="Rendering\Models\Cube.cpp">
      <Filter>Rendering\Models</Filter>
    </ClCompile>
    <ClCompile Include="Rendering\Systems\ParticleSystem.cpp">
      <Filter>Rendering\Systems</Filter>
    </ClCompile>
    <ClCompile Include="Managers\SystemManager.cpp">
      <Filter>Managers</Filter>
    </ClCompile>
    <ClCompile Include="Rendering\Models\Camera.cpp">
      <Filter>Rendering\Models</Filter>
    </ClCompile>
    <ClCompile Include="Rendering\Models\CustomModel.cpp">
      <Filter>Rendering\Models</Filter>
    </ClCompile>
    <ClCompile Include="Rendering\Textures\texture.cpp">
      <Filter>Rendering\Textures</Filter>
    </ClCompile>
  </ItemGroup>
  <ItemGroup>
    <ClInclude Include="resource.h">
      <Filter>Header Files</Filter>
    </ClInclude>
    <ClInclude Include="Core\Init\FrameBufferInfo.h">
      <Filter>Core\init</Filter>
    </ClInclude>
    <ClInclude Include="Core\Init\WindowInfo.h">
      <Filter>Core\init</Filter>
    </ClInclude>
    <ClInclude Include="Core\Init\InitGLEW.h">
      <Filter>Core\init</Filter>
    </ClInclude>
    <ClInclude Include="Core\Init\InitGLUT.h">
      <Filter>Core\init</Filter>
    </ClInclude>
    <ClInclude Include="Core\Init\ContextInfo.h">
      <Filter>Core\init</Filter>
    </ClInclude>
    <ClInclude Include="Core\Init\IListener.h">
      <Filter>Core\init</Filter>
    </ClInclude>
    <ClInclude Include="Managers\ShaderManager.h">
      <Filter>Managers</Filter>
    </ClInclude>
    <ClInclude Include="Managers\SceneManager.h">
      <Filter>Managers</Filter>
    </ClInclude>
    <ClInclude Include="Rendering\VertexFormat.h">
      <Filter>Rendering</Filter>
    </ClInclude>
    <ClInclude Include="Rendering\IGameObject.h">
      <Filter>Rendering</Filter>
    </ClInclude>
    <ClInclude Include="Rendering\Models\Model.h">
      <Filter>Rendering\Models</Filter>
    </ClInclude>
    <ClInclude Include="Managers\ModelsManager.h">
      <Filter>Managers</Filter>
    </ClInclude>
    <ClInclude Include="Rendering\Models\Cube.h">
      <Filter>Rendering\Models</Filter>
    </ClInclude>
    <ClInclude Include="Rendering\Systems\ParticleSystem.h">
      <Filter>Rendering\Systems</Filter>
    </ClInclude>
    <ClInclude Include="Managers\SystemManager.h">
      <Filter>Managers</Filter>
    </ClInclude>
    <ClInclude Include="Rendering\Systems\BaseSystem.h">
      <Filter>Rendering\Systems</Filter>
    </ClInclude>
    <ClInclude Include="Rendering\Models\Camera.h">
      <Filter>Rendering\Models</Filter>
    </ClInclude>
    <ClInclude Include="Rendering\Models\CustomModel.h">
      <Filter>Rendering\Models</Filter>
    </ClInclude>
    <ClInclude Include="Rendering\Textures\texture.hpp">
      <Filter>Rendering\Textures</Filter>
    </ClInclude>
  </ItemGroup>
  <ItemGroup>
    <None Include="packages.config" />
    <None Include="Shaders\Vertex_Shader.glsl">
      <Filter>Source Files</Filter>
    </None>
    <None Include="Shaders\Fragment_Shader.glsl">
      <Filter>Source Files</Filter>
    </None>
  </ItemGroup>
  <ItemGroup>
    <ResourceCompile Include="opengls.rc">
      <Filter>Resource Files</Filter>
    </ResourceCompile>
  </ItemGroup>
</Project>